// !$*UTF8*$!
{
	archiveVersion = 1;
	classes = {
	};
	objectVersion = 46;
	objects = {

/* Begin PBXBuildFile section */
		608DB6C518BE606000515DB5 /* Foundation.framework in Frameworks */ = {isa = PBXBuildFile; fileRef = 608DB6C418BE605F00515DB5 /* Foundation.framework */; };
		608DB6C718BE606000515DB5 /* CoreGraphics.framework in Frameworks */ = {isa = PBXBuildFile; fileRef = 608DB6C618BE606000515DB5 /* CoreGraphics.framework */; };
		608DB6C918BE606000515DB5 /* UIKit.framework in Frameworks */ = {isa = PBXBuildFile; fileRef = 608DB6C818BE606000515DB5 /* UIKit.framework */; };
		608DB6CF18BE606000515DB5 /* InfoPlist.strings in Resources */ = {isa = PBXBuildFile; fileRef = 608DB6CD18BE606000515DB5 /* InfoPlist.strings */; };
		608DB6D118BE606000515DB5 /* main.m in Sources */ = {isa = PBXBuildFile; fileRef = 608DB6D018BE606000515DB5 /* main.m */; };
		608DB6D518BE606000515DB5 /* AppDelegate.m in Sources */ = {isa = PBXBuildFile; fileRef = 608DB6D418BE606000515DB5 /* AppDelegate.m */; };
		608DB6D818BE606000515DB5 /* Main.storyboard in Resources */ = {isa = PBXBuildFile; fileRef = 608DB6D618BE606000515DB5 /* Main.storyboard */; };
		608DB6DB18BE606000515DB5 /* ViewController.m in Sources */ = {isa = PBXBuildFile; fileRef = 608DB6DA18BE606000515DB5 /* ViewController.m */; };
		608DB6DD18BE606000515DB5 /* Images.xcassets in Resources */ = {isa = PBXBuildFile; fileRef = 608DB6DC18BE606000515DB5 /* Images.xcassets */; };
		608DB6E418BE606000515DB5 /* XCTest.framework in Frameworks */ = {isa = PBXBuildFile; fileRef = 608DB6E318BE606000515DB5 /* XCTest.framework */; };
		608DB6E518BE606000515DB5 /* Foundation.framework in Frameworks */ = {isa = PBXBuildFile; fileRef = 608DB6C418BE605F00515DB5 /* Foundation.framework */; };
		608DB6E618BE606000515DB5 /* UIKit.framework in Frameworks */ = {isa = PBXBuildFile; fileRef = 608DB6C818BE606000515DB5 /* UIKit.framework */; };
		608DB6EE18BE606000515DB5 /* InfoPlist.strings in Resources */ = {isa = PBXBuildFile; fileRef = 608DB6EC18BE606000515DB5 /* InfoPlist.strings */; };
		608DB6F018BE606000515DB5 /* MU_108_lection_3Tests.m in Sources */ = {isa = PBXBuildFile; fileRef = 608DB6EF18BE606000515DB5 /* MU_108_lection_3Tests.m */; };
		608DB6FB18BE618600515DB5 /* LoginViewController.m in Sources */ = {isa = PBXBuildFile; fileRef = 608DB6FA18BE618600515DB5 /* LoginViewController.m */; };
		608DB6FF18BE61AC00515DB5 /* RegisterViewController.m in Sources */ = {isa = PBXBuildFile; fileRef = 608DB6FE18BE61AC00515DB5 /* RegisterViewController.m */; };
/* End PBXBuildFile section */

/* Begin PBXContainerItemProxy section */
		608DB6E718BE606000515DB5 /* PBXContainerItemProxy */ = {
			isa = PBXContainerItemProxy;
			containerPortal = 608DB6B918BE605F00515DB5 /* Project object */;
			proxyType = 1;
			remoteGlobalIDString = 608DB6C018BE605F00515DB5;
			remoteInfo = MU_108_lection_3;
		};
/* End PBXContainerItemProxy section */

/* Begin PBXFileReference section */
		608DB6C118BE605F00515DB5 /* MU_108_lection_3.app */ = {isa = PBXFileReference; explicitFileType = wrapper.application; includeInIndex = 0; path = MU_108_lection_3.app; sourceTree = BUILT_PRODUCTS_DIR; };
		608DB6C418BE605F00515DB5 /* Foundation.framework */ = {isa = PBXFileReference; lastKnownFileType = wrapper.framework; name = Foundation.framework; path = System/Library/Frameworks/Foundation.framework; sourceTree = SDKROOT; };
		608DB6C618BE606000515DB5 /* CoreGraphics.framework */ = {isa = PBXFileReference; lastKnownFileType = wrapper.framework; name = CoreGraphics.framework; path = System/Library/Frameworks/CoreGraphics.framework; sourceTree = SDKROOT; };
		608DB6C818BE606000515DB5 /* UIKit.framework */ = {isa = PBXFileReference; lastKnownFileType = wrapper.framework; name = UIKit.framework; path = System/Library/Frameworks/UIKit.framework; sourceTree = SDKROOT; };
		608DB6CC18BE606000515DB5 /* MU_108_lection_3-Info.plist */ = {isa = PBXFileReference; lastKnownFileType = text.plist.xml; path = "MU_108_lection_3-Info.plist"; sourceTree = "<group>"; };
		608DB6CE18BE606000515DB5 /* en */ = {isa = PBXFileReference; lastKnownFileType = text.plist.strings; name = en; path = en.lproj/InfoPlist.strings; sourceTree = "<group>"; };
		608DB6D018BE606000515DB5 /* main.m */ = {isa = PBXFileReference; lastKnownFileType = sourcecode.c.objc; path = main.m; sourceTree = "<group>"; };
		608DB6D218BE606000515DB5 /* MU_108_lection_3-Prefix.pch */ = {isa = PBXFileReference; lastKnownFileType = sourcecode.c.h; path = "MU_108_lection_3-Prefix.pch"; sourceTree = "<group>"; };
		608DB6D318BE606000515DB5 /* AppDelegate.h */ = {isa = PBXFileReference; lastKnownFileType = sourcecode.c.h; path = AppDelegate.h; sourceTree = "<group>"; };
		608DB6D418BE606000515DB5 /* AppDelegate.m */ = {isa = PBXFileReference; lastKnownFileType = sourcecode.c.objc; path = AppDelegate.m; sourceTree = "<group>"; };
		608DB6D718BE606000515DB5 /* Base */ = {isa = PBXFileReference; lastKnownFileType = file.storyboard; name = Base; path = Base.lproj/Main.storyboard; sourceTree = "<group>"; };
		608DB6D918BE606000515DB5 /* ViewController.h */ = {isa = PBXFileReference; lastKnownFileType = sourcecode.c.h; path = ViewController.h; sourceTree = "<group>"; };
		608DB6DA18BE606000515DB5 /* ViewController.m */ = {isa = PBXFileReference; lastKnownFileType = sourcecode.c.objc; path = ViewController.m; sourceTree = "<group>"; };
		608DB6DC18BE606000515DB5 /* Images.xcassets */ = {isa = PBXFileReference; lastKnownFileType = folder.assetcatalog; path = Images.xcassets; sourceTree = "<group>"; };
		608DB6E218BE606000515DB5 /* MU_108_lection_3Tests.xctest */ = {isa = PBXFileReference; explicitFileType = wrapper.cfbundle; includeInIndex = 0; path = MU_108_lection_3Tests.xctest; sourceTree = BUILT_PRODUCTS_DIR; };
		608DB6E318BE606000515DB5 /* XCTest.framework */ = {isa = PBXFileReference; lastKnownFileType = wrapper.framework; name = XCTest.framework; path = Library/Frameworks/XCTest.framework; sourceTree = DEVELOPER_DIR; };
		608DB6EB18BE606000515DB5 /* MU_108_lection_3Tests-Info.plist */ = {isa = PBXFileReference; lastKnownFileType = text.plist.xml; path = "MU_108_lection_3Tests-Info.plist"; sourceTree = "<group>"; };
		608DB6ED18BE606000515DB5 /* en */ = {isa = PBXFileReference; lastKnownFileType = text.plist.strings; name = en; path = en.lproj/InfoPlist.strings; sourceTree = "<group>"; };
		608DB6EF18BE606000515DB5 /* MU_108_lection_3Tests.m */ = {isa = PBXFileReference; lastKnownFileType = sourcecode.c.objc; path = MU_108_lection_3Tests.m; sourceTree = "<group>"; };
		608DB6F918BE618600515DB5 /* LoginViewController.h */ = {isa = PBXFileReference; fileEncoding = 4; lastKnownFileType = sourcecode.c.h; path = LoginViewController.h; sourceTree = "<group>"; };
		608DB6FA18BE618600515DB5 /* LoginViewController.m */ = {isa = PBXFileReference; fileEncoding = 4; lastKnownFileType = sourcecode.c.objc; path = LoginViewController.m; sourceTree = "<group>"; };
		608DB6FD18BE61AC00515DB5 /* RegisterViewController.h */ = {isa = PBXFileReference; fileEncoding = 4; lastKnownFileType = sourcecode.c.h; path = RegisterViewController.h; sourceTree = "<group>"; };
		608DB6FE18BE61AC00515DB5 /* RegisterViewController.m */ = {isa = PBXFileReference; fileEncoding = 4; lastKnownFileType = sourcecode.c.objc; path = RegisterViewController.m; sourceTree = "<group>"; };
/* End PBXFileReference section */

/* Begin PBXFrameworksBuildPhase section */
		608DB6BE18BE605F00515DB5 /* Frameworks */ = {
			isa = PBXFrameworksBuildPhase;
			buildActionMask = 2147483647;
			files = (
				608DB6C718BE606000515DB5 /* CoreGraphics.framework in Frameworks */,
				608DB6C918BE606000515DB5 /* UIKit.framework in Frameworks */,
				608DB6C518BE606000515DB5 /* Foundation.framework in Frameworks */,
			);
			runOnlyForDeploymentPostprocessing = 0;
		};
		608DB6DF18BE606000515DB5 /* Frameworks */ = {
			isa = PBXFrameworksBuildPhase;
			buildActionMask = 2147483647;
			files = (
				608DB6E418BE606000515DB5 /* XCTest.framework in Frameworks */,
				608DB6E618BE606000515DB5 /* UIKit.framework in Frameworks */,
				608DB6E518BE606000515DB5 /* Foundation.framework in Frameworks */,
			);
			runOnlyForDeploymentPostprocessing = 0;
		};
/* End PBXFrameworksBuildPhase section */

/* Begin PBXGroup section */
		608DB6B818BE605F00515DB5 = {
			isa = PBXGroup;
			children = (
				608DB6CA18BE606000515DB5 /* MU_108_lection_3 */,
				608DB6E918BE606000515DB5 /* MU_108_lection_3Tests */,
				608DB6C318BE605F00515DB5 /* Frameworks */,
				608DB6C218BE605F00515DB5 /* Products */,
			);
			sourceTree = "<group>";
		};
		608DB6C218BE605F00515DB5 /* Products */ = {
			isa = PBXGroup;
			children = (
				608DB6C118BE605F00515DB5 /* MU_108_lection_3.app */,
				608DB6E218BE606000515DB5 /* MU_108_lection_3Tests.xctest */,
			);
			name = Products;
			sourceTree = "<group>";
		};
		608DB6C318BE605F00515DB5 /* Frameworks */ = {
			isa = PBXGroup;
			children = (
				608DB6C418BE605F00515DB5 /* Foundation.framework */,
				608DB6C618BE606000515DB5 /* CoreGraphics.framework */,
				608DB6C818BE606000515DB5 /* UIKit.framework */,
				608DB6E318BE606000515DB5 /* XCTest.framework */,
			);
			name = Frameworks;
			sourceTree = "<group>";
		};
		608DB6CA18BE606000515DB5 /* MU_108_lection_3 */ = {
			isa = PBXGroup;
			children = (
				608DB6FC18BE618C00515DB5 /* ViewClass */,
				608DB6D318BE606000515DB5 /* AppDelegate.h */,
				608DB6D418BE606000515DB5 /* AppDelegate.m */,
				608DB6D618BE606000515DB5 /* Main.storyboard */,
				608DB6DC18BE606000515DB5 /* Images.xcassets */,
				608DB6CB18BE606000515DB5 /* Supporting Files */,
			);
			path = MU_108_lection_3;
			sourceTree = "<group>";
		};
		608DB6CB18BE606000515DB5 /* Supporting Files */ = {
			isa = PBXGroup;
			children = (
				608DB6CC18BE606000515DB5 /* MU_108_lection_3-Info.plist */,
				608DB6CD18BE606000515DB5 /* InfoPlist.strings */,
				608DB6D018BE606000515DB5 /* main.m */,
				608DB6D218BE606000515DB5 /* MU_108_lection_3-Prefix.pch */,
			);
			name = "Supporting Files";
			sourceTree = "<group>";
		};
		608DB6E918BE606000515DB5 /* MU_108_lection_3Tests */ = {
			isa = PBXGroup;
			children = (
				608DB6EF18BE606000515DB5 /* MU_108_lection_3Tests.m */,
				608DB6EA18BE606000515DB5 /* Supporting Files */,
			);
			path = MU_108_lection_3Tests;
			sourceTree = "<group>";
		};
		608DB6EA18BE606000515DB5 /* Supporting Files */ = {
			isa = PBXGroup;
			children = (
				608DB6EB18BE606000515DB5 /* MU_108_lection_3Tests-Info.plist */,
				608DB6EC18BE606000515DB5 /* InfoPlist.strings */,
			);
			name = "Supporting Files";
			sourceTree = "<group>";
		};
		608DB6FC18BE618C00515DB5 /* ViewClass */ = {
			isa = PBXGroup;
			children = (
				608DB6F918BE618600515DB5 /* LoginViewController.h */,
				608DB6FA18BE618600515DB5 /* LoginViewController.m */,
				608DB6FD18BE61AC00515DB5 /* RegisterViewController.h */,
				608DB6FE18BE61AC00515DB5 /* RegisterViewController.m */,
				608DB6D918BE606000515DB5 /* ViewController.h */,
				608DB6DA18BE606000515DB5 /* ViewController.m */,
			);
			name = ViewClass;
			sourceTree = "<group>";
		};
/* End PBXGroup section */

/* Begin PBXNativeTarget section */
		608DB6C018BE605F00515DB5 /* MU_108_lection_3 */ = {
			isa = PBXNativeTarget;
			buildConfigurationList = 608DB6F318BE606000515DB5 /* Build configuration list for PBXNativeTarget "MU_108_lection_3" */;
			buildPhases = (
				608DB6BD18BE605F00515DB5 /* Sources */,
				608DB6BE18BE605F00515DB5 /* Frameworks */,
				608DB6BF18BE605F00515DB5 /* Resources */,
			);
			buildRules = (
			);
			dependencies = (
			);
			name = MU_108_lection_3;
			productName = MU_108_lection_3;
			productReference = 608DB6C118BE605F00515DB5 /* MU_108_lection_3.app */;
			productType = "com.apple.product-type.application";
		};
		608DB6E118BE606000515DB5 /* MU_108_lection_3Tests */ = {
			isa = PBXNativeTarget;
			buildConfigurationList = 608DB6F618BE606000515DB5 /* Build configuration list for PBXNativeTarget "MU_108_lection_3Tests" */;
			buildPhases = (
				608DB6DE18BE606000515DB5 /* Sources */,
				608DB6DF18BE606000515DB5 /* Frameworks */,
				608DB6E018BE606000515DB5 /* Resources */,
			);
			buildRules = (
			);
			dependencies = (
				608DB6E818BE606000515DB5 /* PBXTargetDependency */,
			);
			name = MU_108_lection_3Tests;
			productName = MU_108_lection_3Tests;
			productReference = 608DB6E218BE606000515DB5 /* MU_108_lection_3Tests.xctest */;
			productType = "com.apple.product-type.bundle.unit-test";
		};
/* End PBXNativeTarget section */

/* Begin PBXProject section */
		608DB6B918BE605F00515DB5 /* Project object */ = {
			isa = PBXProject;
			attributes = {
				LastUpgradeCheck = 0500;
				ORGANIZATIONNAME = Evgenia;
				TargetAttributes = {
					608DB6E118BE606000515DB5 = {
						TestTargetID = 608DB6C018BE605F00515DB5;
					};
				};
			};
			buildConfigurationList = 608DB6BC18BE605F00515DB5 /* Build configuration list for PBXProject "MU_108_lection_3" */;
			compatibilityVersion = "Xcode 3.2";
			developmentRegion = English;
			hasScannedForEncodings = 0;
			knownRegions = (
				en,
				Base,
			);
			mainGroup = 608DB6B818BE605F00515DB5;
			productRefGroup = 608DB6C218BE605F00515DB5 /* Products */;
			projectDirPath = "";
			projectRoot = "";
			targets = (
				608DB6C018BE605F00515DB5 /* MU_108_lection_3 */,
				608DB6E118BE606000515DB5 /* MU_108_lection_3Tests */,
			);
		};
/* End PBXProject section */

/* Begin PBXResourcesBuildPhase section */
		608DB6BF18BE605F00515DB5 /* Resources */ = {
			isa = PBXResourcesBuildPhase;
			buildActionMask = 2147483647;
			files = (
				608DB6DD18BE606000515DB5 /* Images.xcassets in Resources */,
				608DB6CF18BE606000515DB5 /* InfoPlist.strings in Resources */,
				608DB6D818BE606000515DB5 /* Main.storyboard in Resources */,
			);
			runOnlyForDeploymentPostprocessing = 0;
		};
		608DB6E018BE606000515DB5 /* Resources */ = {
			isa = PBXResourcesBuildPhase;
			buildActionMask = 2147483647;
			files = (
				608DB6EE18BE606000515DB5 /* InfoPlist.strings in Resources */,
			);
			runOnlyForDeploymentPostprocessing = 0;
		};
/* End PBXResourcesBuildPhase section */

/* Begin PBXSourcesBuildPhase section */
		608DB6BD18BE605F00515DB5 /* Sources */ = {
			isa = PBXSourcesBuildPhase;
			buildActionMask = 2147483647;
			files = (
				608DB6FF18BE61AC00515DB5 /* RegisterViewController.m in Sources */,
				608DB6FB18BE618600515DB5 /* LoginViewController.m in Sources */,
				608DB6DB18BE606000515DB5 /* ViewController.m in Sources */,
				608DB6D518BE606000515DB5 /* AppDelegate.m in Sources */,
				608DB6D118BE606000515DB5 /* main.m in Sources */,
			);
			runOnlyForDeploymentPostprocessing = 0;
		};
		608DB6DE18BE606000515DB5 /* Sources */ = {
			isa = PBXSourcesBuildPhase;
			buildActionMask = 2147483647;
			files = (
				608DB6F018BE606000515DB5 /* MU_108_lection_3Tests.m in Sources */,
			);
			runOnlyForDeploymentPostprocessing = 0;
		};
/* End PBXSourcesBuildPhase section */

/* Begin PBXTargetDependency section */
		608DB6E818BE606000515DB5 /* PBXTargetDependency */ = {
			isa = PBXTargetDependency;
			target = 608DB6C018BE605F00515DB5 /* MU_108_lection_3 */;
			targetProxy = 608DB6E718BE606000515DB5 /* PBXContainerItemProxy */;
		};
/* End PBXTargetDependency section */

/* Begin PBXVariantGroup section */
		608DB6CD18BE606000515DB5 /* InfoPlist.strings */ = {
			isa = PBXVariantGroup;
			children = (
				608DB6CE18BE606000515DB5 /* en */,
			);
			name = InfoPlist.strings;
			sourceTree = "<group>";
		};
		608DB6D618BE606000515DB5 /* Main.storyboard */ = {
			isa = PBXVariantGroup;
			children = (
				608DB6D718BE606000515DB5 /* Base */,
			);
			name = Main.storyboard;
			sourceTree = "<group>";
		};
		608DB6EC18BE606000515DB5 /* InfoPlist.strings */ = {
			isa = PBXVariantGroup;
			children = (
				608DB6ED18BE606000515DB5 /* en */,
			);
			name = InfoPlist.strings;
			sourceTree = "<group>";
		};
/* End PBXVariantGroup section */

/* Begin XCBuildConfiguration section */
		608DB6F118BE606000515DB5 /* Debug */ = {
			isa = XCBuildConfiguration;
			buildSettings = {
				ALWAYS_SEARCH_USER_PATHS = NO;
				ARCHS = "$(ARCHS_STANDARD_INCLUDING_64_BIT)";
				CLANG_CXX_LANGUAGE_STANDARD = "gnu++0x";
				CLANG_CXX_LIBRARY = "libc++";
				CLANG_ENABLE_MODULES = YES;
				CLANG_ENABLE_OBJC_ARC = YES;
				CLANG_WARN_BOOL_CONVERSION = YES;
				CLANG_WARN_CONSTANT_CONVERSION = YES;
				CLANG_WARN_DIRECT_OBJC_ISA_USAGE = YES_ERROR;
				CLANG_WARN_EMPTY_BODY = YES;
				CLANG_WARN_ENUM_CONVERSION = YES;
				CLANG_WARN_INT_CONVERSION = YES;
				CLANG_WARN_OBJC_ROOT_CLASS = YES_ERROR;
				CLANG_WARN__DUPLICATE_METHOD_MATCH = YES;
				"CODE_SIGN_IDENTITY[sdk=iphoneos*]" = "iPhone Developer";
				COPY_PHASE_STRIP = NO;
				GCC_C_LANGUAGE_STANDARD = gnu99;
				GCC_DYNAMIC_NO_PIC = NO;
				GCC_OPTIMIZATION_LEVEL = 0;
				GCC_PREPROCESSOR_DEFINITIONS = (
					"DEBUG=1",
					"$(inherited)",
				);
				GCC_SYMBOLS_PRIVATE_EXTERN = NO;
				GCC_WARN_64_TO_32_BIT_CONVERSION = YES;
				GCC_WARN_ABOUT_RETURN_TYPE = YES_ERROR;
				GCC_WARN_UNDECLARED_SELECTOR = YES;
				GCC_WARN_UNINITIALIZED_AUTOS = YES;
				GCC_WARN_UNUSED_FUNCTION = YES;
				GCC_WARN_UNUSED_VARIABLE = YES;
				IPHONEOS_DEPLOYMENT_TARGET = 7.0;
				ONLY_ACTIVE_ARCH = YES;
				SDKROOT = iphoneos;
			};
			name = Debug;
		};
		608DB6F218BE606000515DB5 /* Release */ = {
			isa = XCBuildConfiguration;
			buildSettings = {
				ALWAYS_SEARCH_USER_PATHS = NO;
				ARCHS = "$(ARCHS_STANDARD_INCLUDING_64_BIT)";
				CLANG_CXX_LANGUAGE_STANDARD = "gnu++0x";
				CLANG_CXX_LIBRARY = "libc++";
				CLANG_ENABLE_MODULES = YES;
				CLANG_ENABLE_OBJC_ARC = YES;
				CLANG_WARN_BOOL_CONVERSION = YES;
				CLANG_WARN_CONSTANT_CONVERSION = YES;
				CLANG_WARN_DIRECT_OBJC_ISA_USAGE = YES_ERROR;
				CLANG_WARN_EMPTY_BODY = YES;
				CLANG_WARN_ENUM_CONVERSION = YES;
				CLANG_WARN_INT_CONVERSION = YES;
				CLANG_WARN_OBJC_ROOT_CLASS = YES_ERROR;
				CLANG_WARN__DUPLICATE_METHOD_MATCH = YES;
				"CODE_SIGN_IDENTITY[sdk=iphoneos*]" = "iPhone Developer";
				COPY_PHASE_STRIP = YES;
				ENABLE_NS_ASSERTIONS = NO;
				GCC_C_LANGUAGE_STANDARD = gnu99;
				GCC_WARN_64_TO_32_BIT_CONVERSION = YES;
				GCC_WARN_ABOUT_RETURN_TYPE = YES_ERROR;
				GCC_WARN_UNDECLARED_SELECTOR = YES;
				GCC_WARN_UNINITIALIZED_AUTOS = YES;
				GCC_WARN_UNUSED_FUNCTION = YES;
				GCC_WARN_UNUSED_VARIABLE = YES;
				IPHONEOS_DEPLOYMENT_TARGET = 7.0;
				SDKROOT = iphoneos;
				VALIDATE_PRODUCT = YES;
			};
			name = Release;
		};
		608DB6F418BE606000515DB5 /* Debug */ = {
			isa = XCBuildConfiguration;
			buildSettings = {
				ASSETCATALOG_COMPILER_APPICON_NAME = AppIcon;
				ASSETCATALOG_COMPILER_LAUNCHIMAGE_NAME = LaunchImage;
				GCC_PRECOMPILE_PREFIX_HEADER = YES;
				GCC_PREFIX_HEADER = "MU_108_lection_3/MU_108_lection_3-Prefix.pch";
				INFOPLIST_FILE = "MU_108_lection_3/MU_108_lection_3-Info.plist";
				PRODUCT_NAME = "$(TARGET_NAME)";
				WRAPPER_EXTENSION = app;
			};
			name = Debug;
		};
		608DB6F518BE606000515DB5 /* Release */ = {
			isa = XCBuildConfiguration;
			buildSettings = {
				ASSETCATALOG_COMPILER_APPICON_NAME = AppIcon;
				ASSETCATALOG_COMPILER_LAUNCHIMAGE_NAME = LaunchImage;
				GCC_PRECOMPILE_PREFIX_HEADER = YES;
				GCC_PREFIX_HEADER = "MU_108_lection_3/MU_108_lection_3-Prefix.pch";
				INFOPLIST_FILE = "MU_108_lection_3/MU_108_lection_3-Info.plist";
				PRODUCT_NAME = "$(TARGET_NAME)";
				WRAPPER_EXTENSION = app;
			};
			name = Release;
		};
		608DB6F718BE606000515DB5 /* Debug */ = {
			isa = XCBuildConfiguration;
			buildSettings = {
				ARCHS = "$(ARCHS_STANDARD_INCLUDING_64_BIT)";
				BUNDLE_LOADER = "$(BUILT_PRODUCTS_DIR)/MU_108_lection_3.app/MU_108_lection_3";
				FRAMEWORK_SEARCH_PATHS = (
					"$(SDKROOT)/Developer/Library/Frameworks",
					"$(inherited)",
					"$(DEVELOPER_FRAMEWORKS_DIR)",
				);
				GCC_PRECOMPILE_PREFIX_HEADER = YES;
				GCC_PREFIX_HEADER = "MU_108_lection_3/MU_108_lection_3-Prefix.pch";
				GCC_PREPROCESSOR_DEFINITIONS = (
					"DEBUG=1",
					"$(inherited)",
				);
				INFOPLIST_FILE = "MU_108_lection_3Tests/MU_108_lection_3Tests-Info.plist";
				PRODUCT_NAME = "$(TARGET_NAME)";
				TEST_HOST = "$(BUNDLE_LOADER)";
				WRAPPER_EXTENSION = xctest;
			};
			name = Debug;
		};
		608DB6F818BE606000515DB5 /* Release */ = {
			isa = XCBuildConfiguration;
			buildSettings = {
				ARCHS = "$(ARCHS_STANDARD_INCLUDING_64_BIT)";
				BUNDLE_LOADER = "$(BUILT_PRODUCTS_DIR)/MU_108_lection_3.app/MU_108_lection_3";
				FRAMEWORK_SEARCH_PATHS = (
					"$(SDKROOT)/Developer/Library/Frameworks",
					"$(inherited)",
					"$(DEVELOPER_FRAMEWORKS_DIR)",
				);
				GCC_PRECOMPILE_PREFIX_HEADER = YES;
				GCC_PREFIX_HEADER = "MU_108_lection_3/MU_108_lection_3-Prefix.pch";
				INFOPLIST_FILE = "MU_108_lection_3Tests/MU_108_lection_3Tests-Info.plist";
				PRODUCT_NAME = "$(TARGET_NAME)";
				TEST_HOST = "$(BUNDLE_LOADER)";
				WRAPPER_EXTENSION = xctest;
			};
			name = Release;
		};
/* End XCBuildConfiguration section */

/* Begin XCConfigurationList section */
		608DB6BC18BE605F00515DB5 /* Build configuration list for PBXProject "MU_108_lection_3" */ = {
			isa = XCConfigurationList;
			buildConfigurations = (
				608DB6F118BE606000515DB5 /* Debug */,
				608DB6F218BE606000515DB5 /* Release */,
			);
			defaultConfigurationIsVisible = 0;
			defaultConfigurationName = Release;
		};
		608DB6F318BE606000515DB5 /* Build configuration list for PBXNativeTarget "MU_108_lection_3" */ = {
			isa = XCConfigurationList;
			buildConfigurations = (
				608DB6F418BE606000515DB5 /* Debug */,
				608DB6F518BE606000515DB5 /* Release */,
			);
			defaultConfigurationIsVisible = 0;
		};
		608DB6F618BE606000515DB5 /* Build configuration list for PBXNativeTarget "MU_108_lection_3Tests" */ = {
			isa = XCConfigurationList;
			buildConfigurations = (
				608DB6F718BE606000515DB5 /* Debug */,
				608DB6F818BE606000515DB5 /* Release */,
			);
			defaultConfigurationIsVisible = 0;
		};
/* End XCConfigurationList section */
	};
	rootObject = 608DB6B918BE605F00515DB5 /* Project object */;
}
